{
    "name": "capacitor-zot",
    "version": "0.0.1",
    "lockfileVersion": 3,
    "requires": true,
    "packages": {
        "": {
            "name": "capacitor-zot",
            "version": "0.0.1",
            "license": "NOLICENSE",
            "peerDependencies": {
                "@capacitor/core": "^6.0.0",
                "@spryrocks/capacitor-socket-connection-plugin": "^6.3.0"
            }
        },
        "node_modules/@capacitor/core": {
            "version": "6.2.1",
            "license": "MIT",
            "peer": true,
            "dependencies": {
                "tslib": "^2.1.0"
            }
        },
        "node_modules/@spryrocks/capacitor-socket-connection-plugin": {
            "version": "6.3.0",
            "license": "MIT",
            "peer": true,
            "dependencies": {
                "@spryrocks/logger-plugin": "^0.1.17-alpha.2"
            },
            "peerDependencies": {
                "@capacitor/core": "^6.1.2"
            }
        },
        "node_modules/@spryrocks/logger": {
            "version": "0.1.17-alpha.2",
            "license": "MIT",
            "peer": true,
            "dependencies": {
                "@spryrocks/logger-observer": "^0.1.17-alpha.2"
            }
        },
        "node_modules/@spryrocks/logger-core": {
            "version": "0.1.17-alpha.0",
            "license": "MIT",
            "peer": true
        },
        "node_modules/@spryrocks/logger-observer": {
            "version": "0.1.17-alpha.2",
            "license": "MIT",
            "peer": true,
            "dependencies": {
                "@spryrocks/logger-core": "^0.1.17-alpha.0"
            }
        },
        "node_modules/@spryrocks/logger-plugin": {
            "version": "0.1.17-alpha.2",
            "license": "MIT",
            "peer": true,
            "dependencies": {
                "@spryrocks/logger": "^0.1.17-alpha.2",
                "@spryrocks/logger-plugin-observer": "^0.1.17-alpha.2"
            }
        },
        "node_modules/@spryrocks/logger-plugin-core": {
            "version": "0.1.17-alpha.0",
            "license": "MIT",
            "peer": true,
            "dependencies": {
                "@spryrocks/logger-core": "^0.1.17-alpha.0"
            }
        },
        "node_modules/@spryrocks/logger-plugin-observer": {
            "version": "0.1.17-alpha.2",
            "license": "MIT",
            "peer": true,
            "dependencies": {
                "@spryrocks/logger-observer": "^0.1.17-alpha.2",
                "@spryrocks/logger-plugin-core": "^0.1.17-alpha.0"
            }
        },
        "node_modules/tslib": {
            "version": "2.8.1",
            "license": "0BSD",
            "peer": true
        }
    }
}
